# Generated by pub
# See http://pub.dartlang.org/doc/glossary.html#lockfile
packages:
  browser:
    description: browser
    source: hosted
    version: "0.6.15+3"
  meta:
    description: meta
    source: hosted
    version: "0.6.15+3"
  stagexl:
    description:
      ref: null
      resolved-ref: ed723f3503ba14a6f0efd6c69abb4770bd4c52a7
      url: "https://github.com/bp74/StageXL.git"
    source: git
    version: "0.8.4"
